
Microsoft Visual Studio Solution File, Format Version 12.00
# Visual Studio Version 16
VisualStudioVersion = 25.0.1706.7
MinimumVisualStudioVersion = 10.0.40219.1
Project("{FAE04EC0-301F-11D3-BF4B-00C04F79EFBC}") = "EventDispacther", "EventDispacther\EventDispacther.csproj", "{A44B88D2-14B7-4B8C-803E-8CD72C66AD1C}"
EndProject
Project("{FAE04EC0-301F-11D3-BF4B-00C04F79EFBC}") = "EventDispatcherTests", "EventDispatcherTests\EventDispatcherTests.csproj", "{4C2EC581-CE71-4AB0-AD64-8AE6D9356027}"
EndProject
Global
	GlobalSection(SolutionConfigurationPlatforms) = preSolution
		Debug|Any CPU = Debug|Any CPU
		Release|Any CPU = Release|Any CPU
	EndGlobalSection
	GlobalSection(ProjectConfigurationPlatforms) = postSolution
		{A44B88D2-14B7-4B8C-803E-8CD72C66AD1C}.Debug|Any CPU.ActiveCfg = Debug|Any CPU
		{A44B88D2-14B7-4B8C-803E-8CD72C66AD1C}.Debug|Any CPU.Build.0 = Debug|Any CPU
		{A44B88D2-14B7-4B8C-803E-8CD72C66AD1C}.Release|Any CPU.ActiveCfg = Release|Any CPU
		{A44B88D2-14B7-4B8C-803E-8CD72C66AD1C}.Release|Any CPU.Build.0 = Release|Any CPU
		{4C2EC581-CE71-4AB0-AD64-8AE6D9356027}.Debug|Any CPU.ActiveCfg = Debug|Any CPU
		{4C2EC581-CE71-4AB0-AD64-8AE6D9356027}.Debug|Any CPU.Build.0 = Debug|Any CPU
		{4C2EC581-CE71-4AB0-AD64-8AE6D9356027}.Release|Any CPU.ActiveCfg = Release|Any CPU
		{4C2EC581-CE71-4AB0-AD64-8AE6D9356027}.Release|Any CPU.Build.0 = Release|Any CPU
	EndGlobalSection
	GlobalSection(SolutionProperties) = preSolution
		HideSolutionNode = FALSE
	EndGlobalSection
	GlobalSection(ExtensibilityGlobals) = postSolution
		SolutionGuid = {DCD5266D-6477-4084-B997-B67F304B978E}
	EndGlobalSection
EndGlobal
